github.com/PuerkitoBio/goquery v1.4.1 h1:smcIRGdYm/w7JSbcdeLHEMzxmsBQvl8lhf0dSw2nzMI=
github.com/PuerkitoBio/goquery v1.4.1/go.mod h1:T9ezsOHcCrDCgA8aF1Cqr3sSYbO/xgdy8/R/XiIMAhA=
github.com/andybalholm/cascadia v1.0.0 h1:hOCXnnZ5A+3eVDX8pvgl4kofXv2ELss0bKcqRySc45o=
github.com/andybalholm/cascadia v1.0.0/go.mod h1:GsXiBklL0woXo1j/WYWtSYYC4ouU9PqHO0sqidkEA4Y=
github.com/faiface/beep v0.0.0-20181006150002-186a1b19424c h1:zpnxPI/dTQVcu40VQpB74yZZ3I9NfwBh6DkOTpxv0Cs=
github.com/faiface/beep v0.0.0-20181006150002-186a1b19424c/go.mod h1:A22Xnws4HqzY9DZEtQCbYRbS1858XfgH6SCFUeRiXDI=
github.com/go-ole/go-ole v1.2.1 h1:2lOsA72HgjxAuMlKpFiCbHTvu44PIVkZ5hqm3RSdI/E=
github.com/go-ole/go-ole v1.2.1/go.mod h1:7FAglXiTm7HKlQRDeOQ6ZNUHidzCWXuZWq/1dTyBNF8=
github.com/gopherjs/gopherjs v0.0.0-20180628210949-0892b62f0d9f/go.mod h1:wJfORRmW1u3UXTncJ5qlYoELFm8eSnnEO6hX4iZ3EWY=
github.com/gopherjs/gopherjs v0.0.0-20180825215210-0210a2f0f73c/go.mod h1:wJfORRmW1u3UXTncJ5qlYoELFm8eSnnEO6hX4iZ3EWY=
github.com/gopherjs/gopherwasm v0.1.1/go.mod h1:kx4n9a+MzHH0BJJhvlsQ65hqLFXDO/m256AsaDPQ+/4=
github.com/gopherjs/gopherwasm v1.0.0/go.mod h1:SkZ8z7CWBz5VXbhJel8TxCmAcsQqzgWGR/8nMhyhZSI=
github.com/hajimehoshi/go-mp3 v0.1.1 h1:Y33fAdTma70fkrxnc9u50Uq0lV6eZ+bkAlssdMmCwUc=
github.com/hajimehoshi/go-mp3 v0.1.1/go.mod h1:4i+c5pDNKDrxl1iu9iG90/+fhP37lio6gNhjCx9WBJw=
github.com/hajimehoshi/oto v0.1.1/go.mod h1:hUiLWeBQnbDu4pZsAhOnGqMI1ZGibS6e2qhQdfpwz04=
github.com/hajimehoshi/oto v0.2.1 h1:8mn8yNgLE/irztYCw8iBaGMb2oxXwaNqDh85j9fk+X8=
github.com/hajimehoshi/oto v0.2.1/go.mod h1:0ZepxT+2KLDrCm1gdkKBCQCxr+8fgQqoh0I7g+kr040=
github.com/itchyny/volume-go v0.0.0 h1:W5VNZZ8Ouvf1uD5eo53LH8ZfnvKvnwDt0Dcj02i4a7I=
github.com/itchyny/volume-go v0.0.0/go.mod h1:xkUTLgHTs4ZDlXPfh1rGHFQr3LQUfaGe2yQ070CFPlo=
github.com/itchyny/volume-go v0.0.1-0.20181013094638-34143ef46f42 h1:5hpNQ4YzwuQriz24Qf4q1xN1HiZhJad6cKntGw/ZhaY=
github.com/itchyny/volume-go v0.0.1-0.20181013094638-34143ef46f42/go.mod h1:xkUTLgHTs4ZDlXPfh1rGHFQr3LQUfaGe2yQ070CFPlo=
github.com/mmcdole/gofeed v1.0.0-beta2 h1:CjQ0ADhAwNSb08zknAkGOEYqr8zfZKfrzgk9BxpWP2E=
github.com/mmcdole/gofeed v1.0.0-beta2/go.mod h1:/BF9JneEL2/flujm8XHoxUcghdTV6vvb3xx/vKyChFU=
github.com/mmcdole/goxpp v0.0.0-20181012175147-0068e33feabf h1:sWGE2v+hO0Nd4yFU/S/mDBM5plIU8v/Qhfz41hkDIAI=
github.com/mmcdole/goxpp v0.0.0-20181012175147-0068e33feabf/go.mod h1:pasqhqstspkosTneA62Nc+2p9SOBBYAPbnmRRWPQ0V8=
github.com/moutend/go-wca v0.1.1 h1:XTuNIhTOxRrdOQnCufXdTAp2+Nh3vtE7upKksC31sS4=
github.com/moutend/go-wca v0.1.1/go.mod h1:tOejf27SfSMa+8LuMhPE0bdaFNnoxlmMGvo/VwAWi7Q=
github.com/pkg/errors v0.8.0 h1:WdK/asTD0HN+q6hsWO3/vpuAkAr+tw6aNJNDFFf0+qw=
github.com/pkg/errors v0.8.0/go.mod h1:bwawxfHBFNV+L2hUp1rHADufV3IMtnDRdf1r5NINEl0=
github.com/zetamatta/go-getch v0.0.0-20180612064936-31736dd8a0d0 h1:jQrzUj2bK11dDdJMRGZ6fPGc9IvQCLlhhHUoZFcLdIM=
github.com/zetamatta/go-getch v0.0.0-20180612064936-31736dd8a0d0/go.mod h1:kSa+VvMf0yiZ+Db3GwTxaF1Q1LQ3NqbrF+ZqDB1wq/o=
golang.org/x/exp v0.0.0-20180710024300-14dda7b62fcd/go.mod h1:CJ0aWSM057203Lf6IL+f9T1iT9GByDxfZKAQTCR3kQA=
golang.org/x/image v0.0.0-20180708004352-c73c2afc3b81/go.mod h1:ux5Hcp/YLpHSI86hEcLt0YII63i6oz57MZXIpbrjZUs=
golang.org/x/mobile v0.0.0-20180806140643-507816974b79/go.mod h1:z+o9i4GpDbdi3rU15maQ/Ox0txvL9dWGYEHz965HBQE=
golang.org/x/net v0.0.0-20180218175443-cbe0f9307d01 h1:po1f06KS05FvIQQA2pMuOWZAUXiy1KYdIf0ElUU2Hhc=
golang.org/x/net v0.0.0-20180218175443-cbe0f9307d01/go.mod h1:mL1N/T3taQHkDXs73rZJwtUhF3w3ftmwwsq0BUmARs4=
golang.org/x/net v0.0.0-20181023162649-9b4f9f5ad519 h1:x6rhz8Y9CjbgQkccRGmELH6K+LJj7tOoh3XWeC1yaQM=
golang.org/x/sys v0.0.0-20180806082429-34b17bdb4300/go.mod h1:STP8DvDyc/dI5b8T5hshtkjS+E42TnysNCUPdjciGhY=
golang.org/x/text v0.3.0 h1:g61tztE5qeGQ89tm6NTjjM9VPIm088od1l6aSorWRWg=
golang.org/x/text v0.3.0/go.mod h1:NqM8EUOU14njkJ3fqMW+pc6Ldnwhi/IjpwHt7yyuwOQ=
